
Microsoft Visual Studio Solution File, Format Version 12.00
# Visual Studio Version 17
VisualStudioVersion = 17.9.34902.65
MinimumVisualStudioVersion = 10.0.40219.1
Project("{FAE04EC0-301F-11D3-BF4B-00C04F79EFBC}") = "MVC_Agile_Process_with_Agile", "MVC_Agile_Process_with_Agile\MVC_Agile_Process_with_Agile.csproj", "{BD987DD1-8AAB-43FF-91F1-4F34AC1E0A9A}"
EndProject
Global
	GlobalSection(SolutionConfigurationPlatforms) = preSolution
		Debug|Any CPU = Debug|Any CPU
		Release|Any CPU = Release|Any CPU
	EndGlobalSection
	GlobalSection(ProjectConfigurationPlatforms) = postSolution
		{BD987DD1-8AAB-43FF-91F1-4F34AC1E0A9A}.Debug|Any CPU.ActiveCfg = Debug|Any CPU
		{BD987DD1-8AAB-43FF-91F1-4F34AC1E0A9A}.Debug|Any CPU.Build.0 = Debug|Any CPU
		{BD987DD1-8AAB-43FF-91F1-4F34AC1E0A9A}.Release|Any CPU.ActiveCfg = Release|Any CPU
		{BD987DD1-8AAB-43FF-91F1-4F34AC1E0A9A}.Release|Any CPU.Build.0 = Release|Any CPU
	EndGlobalSection
	GlobalSection(SolutionProperties) = preSolution
		HideSolutionNode = FALSE
	EndGlobalSection
	GlobalSection(ExtensibilityGlobals) = postSolution
		SolutionGuid = {2F9B7D6E-9CA0-44DC-934C-2B6FCEA23BB4}
	EndGlobalSection
EndGlobal
